PODS:
  - Kingfisher (4.10.0)
  - SDWebImage (4.4.2):
    - SDWebImage/Core (= 4.4.2)
  - SDWebImage/Core (4.4.2)

DEPENDENCIES:
  - Kingfisher
  - SDWebImage

SPEC REPOS:
  https://github.com/cocoapods/specs.git:
    - Kingfisher
    - SDWebImage

SPEC CHECKSUMS:
  Kingfisher: 43c4b802d8b5256cf1f4379e9cd10b329be6d3e2
  SDWebImage: 624d6e296c69b244bcede364c72ae0430ac14681

PODFILE CHECKSUM: b851823270ae66501a3d84b56e4b3264f439f66f

COCOAPODS: 1.5.3
